
Microsoft Visual Studio Solution File, Format Version 12.00
# Visual Studio Version 17
VisualStudioVersion = 17.11.35327.3
MinimumVisualStudioVersion = 10.0.40219.1
Project("{FAE04EC0-301F-11D3-BF4B-00C04F79EFBC}") = "SmartPOS.WebApi", "SmartPOS.WebApi\SmartPOS.WebApi.csproj", "{744C81E8-A779-4A5C-BF30-B905C8BD5522}"
EndProject
Project("{FAE04EC0-301F-11D3-BF4B-00C04F79EFBC}") = "SmartPOS.Domain", "SmartPOS.Domain\SmartPOS.Domain.csproj", "{5F8656E5-C5AA-4F1F-9AE1-8EAFAFFFA61E}"
EndProject
Project("{FAE04EC0-301F-11D3-BF4B-00C04F79EFBC}") = "SmartPOS.Core", "SmartPOS.Core\SmartPOS.Core.csproj", "{67E7ADD7-F2D7-41B9-BE30-BBB67656FDEC}"
EndProject
Project("{FAE04EC0-301F-11D3-BF4B-00C04F79EFBC}") = "SmartPOS.Infrastructure", "SmartPOS.Infrastructure\SmartPOS.Infrastructure.csproj", "{EA0FB696-AEBD-4750-8958-5404EE753300}"
EndProject
Project("{FAE04EC0-301F-11D3-BF4B-00C04F79EFBC}") = "SmartPOS.Common", "SmartPOS.Common\SmartPOS.Common.csproj", "{CE488C13-3A03-4A03-B8F7-CD887EEB4EA8}"
EndProject
Global
	GlobalSection(SolutionConfigurationPlatforms) = preSolution
		Debug|Any CPU = Debug|Any CPU
		Release|Any CPU = Release|Any CPU
	EndGlobalSection
	GlobalSection(ProjectConfigurationPlatforms) = postSolution
		{744C81E8-A779-4A5C-BF30-B905C8BD5522}.Debug|Any CPU.ActiveCfg = Debug|Any CPU
		{744C81E8-A779-4A5C-BF30-B905C8BD5522}.Debug|Any CPU.Build.0 = Debug|Any CPU
		{744C81E8-A779-4A5C-BF30-B905C8BD5522}.Release|Any CPU.ActiveCfg = Release|Any CPU
		{744C81E8-A779-4A5C-BF30-B905C8BD5522}.Release|Any CPU.Build.0 = Release|Any CPU
		{5F8656E5-C5AA-4F1F-9AE1-8EAFAFFFA61E}.Debug|Any CPU.ActiveCfg = Debug|Any CPU
		{5F8656E5-C5AA-4F1F-9AE1-8EAFAFFFA61E}.Debug|Any CPU.Build.0 = Debug|Any CPU
		{5F8656E5-C5AA-4F1F-9AE1-8EAFAFFFA61E}.Release|Any CPU.ActiveCfg = Release|Any CPU
		{5F8656E5-C5AA-4F1F-9AE1-8EAFAFFFA61E}.Release|Any CPU.Build.0 = Release|Any CPU
		{67E7ADD7-F2D7-41B9-BE30-BBB67656FDEC}.Debug|Any CPU.ActiveCfg = Debug|Any CPU
		{67E7ADD7-F2D7-41B9-BE30-BBB67656FDEC}.Debug|Any CPU.Build.0 = Debug|Any CPU
		{67E7ADD7-F2D7-41B9-BE30-BBB67656FDEC}.Release|Any CPU.ActiveCfg = Release|Any CPU
		{67E7ADD7-F2D7-41B9-BE30-BBB67656FDEC}.Release|Any CPU.Build.0 = Release|Any CPU
		{EA0FB696-AEBD-4750-8958-5404EE753300}.Debug|Any CPU.ActiveCfg = Debug|Any CPU
		{EA0FB696-AEBD-4750-8958-5404EE753300}.Debug|Any CPU.Build.0 = Debug|Any CPU
		{EA0FB696-AEBD-4750-8958-5404EE753300}.Release|Any CPU.ActiveCfg = Release|Any CPU
		{EA0FB696-AEBD-4750-8958-5404EE753300}.Release|Any CPU.Build.0 = Release|Any CPU
		{CE488C13-3A03-4A03-B8F7-CD887EEB4EA8}.Debug|Any CPU.ActiveCfg = Debug|Any CPU
		{CE488C13-3A03-4A03-B8F7-CD887EEB4EA8}.Debug|Any CPU.Build.0 = Debug|Any CPU
		{CE488C13-3A03-4A03-B8F7-CD887EEB4EA8}.Release|Any CPU.ActiveCfg = Release|Any CPU
		{CE488C13-3A03-4A03-B8F7-CD887EEB4EA8}.Release|Any CPU.Build.0 = Release|Any CPU
	EndGlobalSection
	GlobalSection(SolutionProperties) = preSolution
		HideSolutionNode = FALSE
	EndGlobalSection
	GlobalSection(ExtensibilityGlobals) = postSolution
		SolutionGuid = {19165FF6-7A66-4379-9E50-25615B62BB84}
	EndGlobalSection
EndGlobal
